// !$*UTF8*$!
{
	archiveVersion = 1;
	classes = {
	};
	objectVersion = 50;
	objects = {

/* Begin PBXBuildFile section */
		E30A3F7B265A5DA30095A9A4 /* LaunchViewController.swift in Sources */ = {isa = PBXBuildFile; fileRef = E30A3F7A265A5DA30095A9A4 /* LaunchViewController.swift */; };
		E30A3F83265A615A0095A9A4 /* GameLevel.swift in Sources */ = {isa = PBXBuildFile; fileRef = E30A3F82265A615A0095A9A4 /* GameLevel.swift */; };
		E30A3F9A265A87F40095A9A4 /* TopTenViewController.swift in Sources */ = {isa = PBXBuildFile; fileRef = E30A3F99265A87F40095A9A4 /* TopTenViewController.swift */; };
		E3DE1C39265935B300617B39 /* AppDelegate.swift in Sources */ = {isa = PBXBuildFile; fileRef = E3DE1C38265935B300617B39 /* AppDelegate.swift */; };
		E3DE1C3B265935B300617B39 /* SceneDelegate.swift in Sources */ = {isa = PBXBuildFile; fileRef = E3DE1C3A265935B300617B39 /* SceneDelegate.swift */; };
		E3DE1C3D265935B300617B39 /* ViewController.swift in Sources */ = {isa = PBXBuildFile; fileRef = E3DE1C3C265935B300617B39 /* ViewController.swift */; };
		E3DE1C40265935B300617B39 /* Main.storyboard in Resources */ = {isa = PBXBuildFile; fileRef = E3DE1C3E265935B300617B39 /* Main.storyboard */; };
		E3DE1C42265935B300617B39 /* Assets.xcassets in Resources */ = {isa = PBXBuildFile; fileRef = E3DE1C41265935B300617B39 /* Assets.xcassets */; };
		E3DE1C45265935B300617B39 /* LaunchScreen.storyboard in Resources */ = {isa = PBXBuildFile; fileRef = E3DE1C43265935B300617B39 /* LaunchScreen.storyboard */; };
		E3DE1C50265935B400617B39 /* Cards_MatchTests.swift in Sources */ = {isa = PBXBuildFile; fileRef = E3DE1C4F265935B400617B39 /* Cards_MatchTests.swift */; };
		E3DE1C5B265935B400617B39 /* Cards_MatchUITests.swift in Sources */ = {isa = PBXBuildFile; fileRef = E3DE1C5A265935B400617B39 /* Cards_MatchUITests.swift */; };
		E3DE1C712659390500617B39 /* Card.swift in Sources */ = {isa = PBXBuildFile; fileRef = E3DE1C702659390500617B39 /* Card.swift */; };
		E3DE1C8426593B0A00617B39 /* CardCollectionViewCell.swift in Sources */ = {isa = PBXBuildFile; fileRef = E3DE1C8326593B0A00617B39 /* CardCollectionViewCell.swift */; };
/* End PBXBuildFile section */

/* Begin PBXContainerItemProxy section */
		E3DE1C4C265935B400617B39 /* PBXContainerItemProxy */ = {
			isa = PBXContainerItemProxy;
			containerPortal = E3DE1C2D265935B300617B39 /* Project object */;
			proxyType = 1;
			remoteGlobalIDString = E3DE1C34265935B300617B39;
			remoteInfo = "Cards Match";
		};
		E3DE1C57265935B400617B39 /* PBXContainerItemProxy */ = {
			isa = PBXContainerItemProxy;
			containerPortal = E3DE1C2D265935B300617B39 /* Project object */;
			proxyType = 1;
			remoteGlobalIDString = E3DE1C34265935B300617B39;
			remoteInfo = "Cards Match";
		};
/* End PBXContainerItemProxy section */

/* Begin PBXFileReference section */
		E30A3F7A265A5DA30095A9A4 /* LaunchViewController.swift */ = {isa = PBXFileReference; lastKnownFileType = sourcecode.swift; path = LaunchViewController.swift; sourceTree = "<group>"; };
		E30A3F82265A615A0095A9A4 /* GameLevel.swift */ = {isa = PBXFileReference; lastKnownFileType = sourcecode.swift; path = GameLevel.swift; sourceTree = "<group>"; };
		E30A3F99265A87F40095A9A4 /* TopTenViewController.swift */ = {isa = PBXFileReference; lastKnownFileType = sourcecode.swift; path = TopTenViewController.swift; sourceTree = "<group>"; };
		E3DE1C35265935B300617B39 /* Cards Match.app */ = {isa = PBXFileReference; explicitFileType = wrapper.application; includeInIndex = 0; path = "Cards Match.app"; sourceTree = BUILT_PRODUCTS_DIR; };
		E3DE1C38265935B300617B39 /* AppDelegate.swift */ = {isa = PBXFileReference; lastKnownFileType = sourcecode.swift; path = AppDelegate.swift; sourceTree = "<group>"; };
		E3DE1C3A265935B300617B39 /* SceneDelegate.swift */ = {isa = PBXFileReference; lastKnownFileType = sourcecode.swift; path = SceneDelegate.swift; sourceTree = "<group>"; };
		E3DE1C3C265935B300617B39 /* ViewController.swift */ = {isa = PBXFileReference; lastKnownFileType = sourcecode.swift; path = ViewController.swift; sourceTree = "<group>"; };
		E3DE1C3F265935B300617B39 /* Base */ = {isa = PBXFileReference; lastKnownFileType = file.storyboard; name = Base; path = Base.lproj/Main.storyboard; sourceTree = "<group>"; };
		E3DE1C41265935B300617B39 /* Assets.xcassets */ = {isa = PBXFileReference; lastKnownFileType = folder.assetcatalog; path = Assets.xcassets; sourceTree = "<group>"; };
		E3DE1C44265935B300617B39 /* Base */ = {isa = PBXFileReference; lastKnownFileType = file.storyboard; name = Base; path = Base.lproj/LaunchScreen.storyboard; sourceTree = "<group>"; };
		E3DE1C46265935B300617B39 /* Info.plist */ = {isa = PBXFileReference; lastKnownFileType = text.plist.xml; path = Info.plist; sourceTree = "<group>"; };
		E3DE1C4B265935B400617B39 /* Cards MatchTests.xctest */ = {isa = PBXFileReference; explicitFileType = wrapper.cfbundle; includeInIndex = 0; path = "Cards MatchTests.xctest"; sourceTree = BUILT_PRODUCTS_DIR; };
		E3DE1C4F265935B400617B39 /* Cards_MatchTests.swift */ = {isa = PBXFileReference; lastKnownFileType = sourcecode.swift; path = Cards_MatchTests.swift; sourceTree = "<group>"; };
		E3DE1C51265935B400617B39 /* Info.plist */ = {isa = PBXFileReference; lastKnownFileType = text.plist.xml; path = Info.plist; sourceTree = "<group>"; };
		E3DE1C56265935B400617B39 /* Cards MatchUITests.xctest */ = {isa = PBXFileReference; explicitFileType = wrapper.cfbundle; includeInIndex = 0; path = "Cards MatchUITests.xctest"; sourceTree = BUILT_PRODUCTS_DIR; };
		E3DE1C5A265935B400617B39 /* Cards_MatchUITests.swift */ = {isa = PBXFileReference; lastKnownFileType = sourcecode.swift; path = Cards_MatchUITests.swift; sourceTree = "<group>"; };
		E3DE1C5C265935B400617B39 /* Info.plist */ = {isa = PBXFileReference; lastKnownFileType = text.plist.xml; path = Info.plist; sourceTree = "<group>"; };
		E3DE1C702659390500617B39 /* Card.swift */ = {isa = PBXFileReference; lastKnownFileType = sourcecode.swift; path = Card.swift; sourceTree = "<group>"; };
		E3DE1C8326593B0A00617B39 /* CardCollectionViewCell.swift */ = {isa = PBXFileReference; lastKnownFileType = sourcecode.swift; path = CardCollectionViewCell.swift; sourceTree = "<group>"; };
/* End PBXFileReference section */

/* Begin PBXFrameworksBuildPhase section */
		E3DE1C32265935B300617B39 /* Frameworks */ = {
			isa = PBXFrameworksBuildPhase;
			buildActionMask = 2147483647;
			files = (
			);
			runOnlyForDeploymentPostprocessing = 0;
		};
		E3DE1C48265935B400617B39 /* Frameworks */ = {
			isa = PBXFrameworksBuildPhase;
			buildActionMask = 2147483647;
			files = (
			);
			runOnlyForDeploymentPostprocessing = 0;
		};
		E3DE1C53265935B400617B39 /* Frameworks */ = {
			isa = PBXFrameworksBuildPhase;
			buildActionMask = 2147483647;
			files = (
			);
			runOnlyForDeploymentPostprocessing = 0;
		};
/* End PBXFrameworksBuildPhase section */

/* Begin PBXGroup section */
		E30A3F95265A85BB0095A9A4 /* Delegates */ = {
			isa = PBXGroup;
			children = (
				E3DE1C3A265935B300617B39 /* SceneDelegate.swift */,
				E3DE1C38265935B300617B39 /* AppDelegate.swift */,
			);
			path = Delegates;
			sourceTree = "<group>";
		};
		E30A3FF0265A929F0095A9A4 /* ViewCollections */ = {
			isa = PBXGroup;
			children = (
				E30A3F99265A87F40095A9A4 /* TopTenViewController.swift */,
				E3DE1C3C265935B300617B39 /* ViewController.swift */,
				E30A3F7A265A5DA30095A9A4 /* LaunchViewController.swift */,
			);
			path = ViewCollections;
			sourceTree = "<group>";
		};
		E3DE1C2C265935B300617B39 = {
			isa = PBXGroup;
			children = (
				E3DE1C37265935B300617B39 /* Cards Match */,
				E3DE1C4E265935B400617B39 /* Cards MatchTests */,
				E3DE1C59265935B400617B39 /* Cards MatchUITests */,
				E3DE1C36265935B300617B39 /* Products */,
			);
			sourceTree = "<group>";
		};
		E3DE1C36265935B300617B39 /* Products */ = {
			isa = PBXGroup;
			children = (
				E3DE1C35265935B300617B39 /* Cards Match.app */,
				E3DE1C4B265935B400617B39 /* Cards MatchTests.xctest */,
				E3DE1C56265935B400617B39 /* Cards MatchUITests.xctest */,
			);
			name = Products;
			sourceTree = "<group>";
		};
		E3DE1C37265935B300617B39 /* Cards Match */ = {
			isa = PBXGroup;
			children = (
				E30A3FF0265A929F0095A9A4 /* ViewCollections */,
				E30A3F95265A85BB0095A9A4 /* Delegates */,
				E3DE1C702659390500617B39 /* Card.swift */,
				E30A3F82265A615A0095A9A4 /* GameLevel.swift */,
				E3DE1C8326593B0A00617B39 /* CardCollectionViewCell.swift */,
				E3DE1C3E265935B300617B39 /* Main.storyboard */,
				E3DE1C41265935B300617B39 /* Assets.xcassets */,
				E3DE1C43265935B300617B39 /* LaunchScreen.storyboard */,
				E3DE1C46265935B300617B39 /* Info.plist */,
			);
			path = "Cards Match";
			sourceTree = "<group>";
		};
		E3DE1C4E265935B400617B39 /* Cards MatchTests */ = {
			isa = PBXGroup;
			children = (
				E3DE1C4F265935B400617B39 /* Cards_MatchTests.swift */,
				E3DE1C51265935B400617B39 /* Info.plist */,
			);
			path = "Cards MatchTests";
			sourceTree = "<group>";
		};
		E3DE1C59265935B400617B39 /* Cards MatchUITests */ = {
			isa = PBXGroup;
			children = (
				E3DE1C5A265935B400617B39 /* Cards_MatchUITests.swift */,
				E3DE1C5C265935B400617B39 /* Info.plist */,
			);
			path = "Cards MatchUITests";
			sourceTree = "<group>";
		};
/* End PBXGroup section */

/* Begin PBXNativeTarget section */
		E3DE1C34265935B300617B39 /* Cards Match */ = {
			isa = PBXNativeTarget;
			buildConfigurationList = E3DE1C5F265935B400617B39 /* Build configuration list for PBXNativeTarget "Cards Match" */;
			buildPhases = (
				E3DE1C31265935B300617B39 /* Sources */,
				E3DE1C32265935B300617B39 /* Frameworks */,
				E3DE1C33265935B300617B39 /* Resources */,
			);
			buildRules = (
			);
			dependencies = (
			);
			name = "Cards Match";
			productName = "Cards Match";
			productReference = E3DE1C35265935B300617B39 /* Cards Match.app */;
			productType = "com.apple.product-type.application";
		};
		E3DE1C4A265935B400617B39 /* Cards MatchTests */ = {
			isa = PBXNativeTarget;
			buildConfigurationList = E3DE1C62265935B400617B39 /* Build configuration list for PBXNativeTarget "Cards MatchTests" */;
			buildPhases = (
				E3DE1C47265935B400617B39 /* Sources */,
				E3DE1C48265935B400617B39 /* Frameworks */,
				E3DE1C49265935B400617B39 /* Resources */,
			);
			buildRules = (
			);
			dependencies = (
				E3DE1C4D265935B400617B39 /* PBXTargetDependency */,
			);
			name = "Cards MatchTests";
			productName = "Cards MatchTests";
			productReference = E3DE1C4B265935B400617B39 /* Cards MatchTests.xctest */;
			productType = "com.apple.product-type.bundle.unit-test";
		};
		E3DE1C55265935B400617B39 /* Cards MatchUITests */ = {
			isa = PBXNativeTarget;
			buildConfigurationList = E3DE1C65265935B400617B39 /* Build configuration list for PBXNativeTarget "Cards MatchUITests" */;
			buildPhases = (
				E3DE1C52265935B400617B39 /* Sources */,
				E3DE1C53265935B400617B39 /* Frameworks */,
				E3DE1C54265935B400617B39 /* Resources */,
			);
			buildRules = (
			);
			dependencies = (
				E3DE1C58265935B400617B39 /* PBXTargetDependency */,
			);
			name = "Cards MatchUITests";
			productName = "Cards MatchUITests";
			productReference = E3DE1C56265935B400617B39 /* Cards MatchUITests.xctest */;
			productType = "com.apple.product-type.bundle.ui-testing";
		};
/* End PBXNativeTarget section */

/* Begin PBXProject section */
		E3DE1C2D265935B300617B39 /* Project object */ = {
			isa = PBXProject;
			attributes = {
				LastSwiftUpdateCheck = 1220;
				LastUpgradeCheck = 1220;
				TargetAttributes = {
					E3DE1C34265935B300617B39 = {
						CreatedOnToolsVersion = 12.2;
					};
					E3DE1C4A265935B400617B39 = {
						CreatedOnToolsVersion = 12.2;
						TestTargetID = E3DE1C34265935B300617B39;
					};
					E3DE1C55265935B400617B39 = {
						CreatedOnToolsVersion = 12.2;
						TestTargetID = E3DE1C34265935B300617B39;
					};
				};
			};
			buildConfigurationList = E3DE1C30265935B300617B39 /* Build configuration list for PBXProject "Cards Match" */;
			compatibilityVersion = "Xcode 9.3";
			developmentRegion = en;
			hasScannedForEncodings = 0;
			knownRegions = (
				en,
				Base,
			);
			mainGroup = E3DE1C2C265935B300617B39;
			productRefGroup = E3DE1C36265935B300617B39 /* Products */;
			projectDirPath = "";
			projectRoot = "";
			targets = (
				E3DE1C34265935B300617B39 /* Cards Match */,
				E3DE1C4A265935B400617B39 /* Cards MatchTests */,
				E3DE1C55265935B400617B39 /* Cards MatchUITests */,
			);
		};
/* End PBXProject section */

/* Begin PBXResourcesBuildPhase section */
		E3DE1C33265935B300617B39 /* Resources */ = {
			isa = PBXResourcesBuildPhase;
			buildActionMask = 2147483647;
			files = (
				E3DE1C45265935B300617B39 /* LaunchScreen.storyboard in Resources */,
				E3DE1C42265935B300617B39 /* Assets.xcassets in Resources */,
				E3DE1C40265935B300617B39 /* Main.storyboard in Resources */,
			);
			runOnlyForDeploymentPostprocessing = 0;
		};
		E3DE1C49265935B400617B39 /* Resources */ = {
			isa = PBXResourcesBuildPhase;
			buildActionMask = 2147483647;
			files = (
			);
			runOnlyForDeploymentPostprocessing = 0;
		};
		E3DE1C54265935B400617B39 /* Resources */ = {
			isa = PBXResourcesBuildPhase;
			buildActionMask = 2147483647;
			files = (
			);
			runOnlyForDeploymentPostprocessing = 0;
		};
/* End PBXResourcesBuildPhase section */

/* Begin PBXSourcesBuildPhase section */
		E3DE1C31265935B300617B39 /* Sources */ = {
			isa = PBXSourcesBuildPhase;
			buildActionMask = 2147483647;
			files = (
				E3DE1C3D265935B300617B39 /* ViewController.swift in Sources */,
				E3DE1C712659390500617B39 /* Card.swift in Sources */,
				E3DE1C39265935B300617B39 /* AppDelegate.swift in Sources */,
				E30A3F9A265A87F40095A9A4 /* TopTenViewController.swift in Sources */,
				E30A3F83265A615A0095A9A4 /* GameLevel.swift in Sources */,
				E3DE1C8426593B0A00617B39 /* CardCollectionViewCell.swift in Sources */,
				E30A3F7B265A5DA30095A9A4 /* LaunchViewController.swift in Sources */,
				E3DE1C3B265935B300617B39 /* SceneDelegate.swift in Sources */,
			);
			runOnlyForDeploymentPostprocessing = 0;
		};
		E3DE1C47265935B400617B39 /* Sources */ = {
			isa = PBXSourcesBuildPhase;
			buildActionMask = 2147483647;
			files = (
				E3DE1C50265935B400617B39 /* Cards_MatchTests.swift in Sources */,
			);
			runOnlyForDeploymentPostprocessing = 0;
		};
		E3DE1C52265935B400617B39 /* Sources */ = {
			isa = PBXSourcesBuildPhase;
			buildActionMask = 2147483647;
			files = (
				E3DE1C5B265935B400617B39 /* Cards_MatchUITests.swift in Sources */,
			);
			runOnlyForDeploymentPostprocessing = 0;
		};
/* End PBXSourcesBuildPhase section */

/* Begin PBXTargetDependency section */
		E3DE1C4D265935B400617B39 /* PBXTargetDependency */ = {
			isa = PBXTargetDependency;
			target = E3DE1C34265935B300617B39 /* Cards Match */;
			targetProxy = E3DE1C4C265935B400617B39 /* PBXContainerItemProxy */;
		};
		E3DE1C58265935B400617B39 /* PBXTargetDependency */ = {
			isa = PBXTargetDependency;
			target = E3DE1C34265935B300617B39 /* Cards Match */;
			targetProxy = E3DE1C57265935B400617B39 /* PBXContainerItemProxy */;
		};
/* End PBXTargetDependency section */

/* Begin PBXVariantGroup section */
		E3DE1C3E265935B300617B39 /* Main.storyboard */ = {
			isa = PBXVariantGroup;
			children = (
				E3DE1C3F265935B300617B39 /* Base */,
			);
			name = Main.storyboard;
			sourceTree = "<group>";
		};
		E3DE1C43265935B300617B39 /* LaunchScreen.storyboard */ = {
			isa = PBXVariantGroup;
			children = (
				E3DE1C44265935B300617B39 /* Base */,
			);
			name = LaunchScreen.storyboard;
			sourceTree = "<group>";
		};
/* End PBXVariantGroup section */

/* Begin XCBuildConfiguration section */
		E3DE1C5D265935B400617B39 /* Debug */ = {
			isa = XCBuildConfiguration;
			buildSettings = {
				ALWAYS_SEARCH_USER_PATHS = NO;
				CLANG_ANALYZER_NONNULL = YES;
				CLANG_ANALYZER_NUMBER_OBJECT_CONVERSION = YES_AGGRESSIVE;
				CLANG_CXX_LANGUAGE_STANDARD = "gnu++14";
				CLANG_CXX_LIBRARY = "libc++";
				CLANG_ENABLE_MODULES = YES;
				CLANG_ENABLE_OBJC_ARC = YES;
				CLANG_ENABLE_OBJC_WEAK = YES;
				CLANG_WARN_BLOCK_CAPTURE_AUTORELEASING = YES;
				CLANG_WARN_BOOL_CONVERSION = YES;
				CLANG_WARN_COMMA = YES;
				CLANG_WARN_CONSTANT_CONVERSION = YES;
				CLANG_WARN_DEPRECATED_OBJC_IMPLEMENTATIONS = YES;
				CLANG_WARN_DIRECT_OBJC_ISA_USAGE = YES_ERROR;
				CLANG_WARN_DOCUMENTATION_COMMENTS = YES;
				CLANG_WARN_EMPTY_BODY = YES;
				CLANG_WARN_ENUM_CONVERSION = YES;
				CLANG_WARN_INFINITE_RECURSION = YES;
				CLANG_WARN_INT_CONVERSION = YES;
				CLANG_WARN_NON_LITERAL_NULL_CONVERSION = YES;
				CLANG_WARN_OBJC_IMPLICIT_RETAIN_SELF = YES;
				CLANG_WARN_OBJC_LITERAL_CONVERSION = YES;
				CLANG_WARN_OBJC_ROOT_CLASS = YES_ERROR;
				CLANG_WARN_QUOTED_INCLUDE_IN_FRAMEWORK_HEADER = YES;
				CLANG_WARN_RANGE_LOOP_ANALYSIS = YES;
				CLANG_WARN_STRICT_PROTOTYPES = YES;
				CLANG_WARN_SUSPICIOUS_MOVE = YES;
				CLANG_WARN_UNGUARDED_AVAILABILITY = YES_AGGRESSIVE;
				CLANG_WARN_UNREACHABLE_CODE = YES;
				CLANG_WARN__DUPLICATE_METHOD_MATCH = YES;
				COPY_PHASE_STRIP = NO;
				DEBUG_INFORMATION_FORMAT = dwarf;
				ENABLE_STRICT_OBJC_MSGSEND = YES;
				ENABLE_TESTABILITY = YES;
				GCC_C_LANGUAGE_STANDARD = gnu11;
				GCC_DYNAMIC_NO_PIC = NO;
				GCC_NO_COMMON_BLOCKS = YES;
				GCC_OPTIMIZATION_LEVEL = 0;
				GCC_PREPROCESSOR_DEFINITIONS = (
					"DEBUG=1",
					"$(inherited)",
				);
				GCC_WARN_64_TO_32_BIT_CONVERSION = YES;
				GCC_WARN_ABOUT_RETURN_TYPE = YES_ERROR;
				GCC_WARN_UNDECLARED_SELECTOR = YES;
				GCC_WARN_UNINITIALIZED_AUTOS = YES_AGGRESSIVE;
				GCC_WARN_UNUSED_FUNCTION = YES;
				GCC_WARN_UNUSED_VARIABLE = YES;
				IPHONEOS_DEPLOYMENT_TARGET = 14.2;
				MTL_ENABLE_DEBUG_INFO = INCLUDE_SOURCE;
				MTL_FAST_MATH = YES;
				ONLY_ACTIVE_ARCH = YES;
				SDKROOT = iphoneos;
				SWIFT_ACTIVE_COMPILATION_CONDITIONS = DEBUG;
				SWIFT_OPTIMIZATION_LEVEL = "-Onone";
			};
			name = Debug;
		};
		E3DE1C5E265935B400617B39 /* Release */ = {
			isa = XCBuildConfiguration;
			buildSettings = {
				ALWAYS_SEARCH_USER_PATHS = NO;
				CLANG_ANALYZER_NONNULL = YES;
				CLANG_ANALYZER_NUMBER_OBJECT_CONVERSION = YES_AGGRESSIVE;
				CLANG_CXX_LANGUAGE_STANDARD = "gnu++14";
				CLANG_CXX_LIBRARY = "libc++";
				CLANG_ENABLE_MODULES = YES;
				CLANG_ENABLE_OBJC_ARC = YES;
				CLANG_ENABLE_OBJC_WEAK = YES;
				CLANG_WARN_BLOCK_CAPTURE_AUTORELEASING = YES;
				CLANG_WARN_BOOL_CONVERSION = YES;
				CLANG_WARN_COMMA = YES;
				CLANG_WARN_CONSTANT_CONVERSION = YES;
				CLANG_WARN_DEPRECATED_OBJC_IMPLEMENTATIONS = YES;
				CLANG_WARN_DIRECT_OBJC_ISA_USAGE = YES_ERROR;
				CLANG_WARN_DOCUMENTATION_COMMENTS = YES;
				CLANG_WARN_EMPTY_BODY = YES;
				CLANG_WARN_ENUM_CONVERSION = YES;
				CLANG_WARN_INFINITE_RECURSION = YES;
				CLANG_WARN_INT_CONVERSION = YES;
				CLANG_WARN_NON_LITERAL_NULL_CONVERSION = YES;
				CLANG_WARN_OBJC_IMPLICIT_RETAIN_SELF = YES;
				CLANG_WARN_OBJC_LITERAL_CONVERSION = YES;
				CLANG_WARN_OBJC_ROOT_CLASS = YES_ERROR;
				CLANG_WARN_QUOTED_INCLUDE_IN_FRAMEWORK_HEADER = YES;
				CLANG_WARN_RANGE_LOOP_ANALYSIS = YES;
				CLANG_WARN_STRICT_PROTOTYPES = YES;
				CLANG_WARN_SUSPICIOUS_MOVE = YES;
				CLANG_WARN_UNGUARDED_AVAILABILITY = YES_AGGRESSIVE;
				CLANG_WARN_UNREACHABLE_CODE = YES;
				CLANG_WARN__DUPLICATE_METHOD_MATCH = YES;
				COPY_PHASE_STRIP = NO;
				DEBUG_INFORMATION_FORMAT = "dwarf-with-dsym";
				ENABLE_NS_ASSERTIONS = NO;
				ENABLE_STRICT_OBJC_MSGSEND = YES;
				GCC_C_LANGUAGE_STANDARD = gnu11;
				GCC_NO_COMMON_BLOCKS = YES;
				GCC_WARN_64_TO_32_BIT_CONVERSION = YES;
				GCC_WARN_ABOUT_RETURN_TYPE = YES_ERROR;
				GCC_WARN_UNDECLARED_SELECTOR = YES;
				GCC_WARN_UNINITIALIZED_AUTOS = YES_AGGRESSIVE;
				GCC_WARN_UNUSED_FUNCTION = YES;
				GCC_WARN_UNUSED_VARIABLE = YES;
				IPHONEOS_DEPLOYMENT_TARGET = 14.2;
				MTL_ENABLE_DEBUG_INFO = NO;
				MTL_FAST_MATH = YES;
				SDKROOT = iphoneos;
				SWIFT_COMPILATION_MODE = wholemodule;
				SWIFT_OPTIMIZATION_LEVEL = "-O";
				VALIDATE_PRODUCT = YES;
			};
			name = Release;
		};
		E3DE1C60265935B400617B39 /* Debug */ = {
			isa = XCBuildConfiguration;
			buildSettings = {
				ASSETCATALOG_COMPILER_APPICON_NAME = AppIcon;
				ASSETCATALOG_COMPILER_GLOBAL_ACCENT_COLOR_NAME = AccentColor;
				CODE_SIGN_STYLE = Automatic;
				INFOPLIST_FILE = "Cards Match/Info.plist";
				LD_RUNPATH_SEARCH_PATHS = (
					"$(inherited)",
					"@executable_path/Frameworks",
				);
				PRODUCT_BUNDLE_IDENTIFIER = "afeka.Cards-Match";
				PRODUCT_NAME = "$(TARGET_NAME)";
				SWIFT_VERSION = 5.0;
				TARGETED_DEVICE_FAMILY = "1,2";
			};
			name = Debug;
		};
		E3DE1C61265935B400617B39 /* Release */ = {
			isa = XCBuildConfiguration;
			buildSettings = {
				ASSETCATALOG_COMPILER_APPICON_NAME = AppIcon;
				ASSETCATALOG_COMPILER_GLOBAL_ACCENT_COLOR_NAME = AccentColor;
				CODE_SIGN_STYLE = Automatic;
				INFOPLIST_FILE = "Cards Match/Info.plist";
				LD_RUNPATH_SEARCH_PATHS = (
					"$(inherited)",
					"@executable_path/Frameworks",
				);
				PRODUCT_BUNDLE_IDENTIFIER = "afeka.Cards-Match";
				PRODUCT_NAME = "$(TARGET_NAME)";
				SWIFT_VERSION = 5.0;
				TARGETED_DEVICE_FAMILY = "1,2";
			};
			name = Release;
		};
		E3DE1C63265935B400617B39 /* Debug */ = {
			isa = XCBuildConfiguration;
			buildSettings = {
				ALWAYS_EMBED_SWIFT_STANDARD_LIBRARIES = YES;
				BUNDLE_LOADER = "$(TEST_HOST)";
				CODE_SIGN_STYLE = Automatic;
				INFOPLIST_FILE = "Cards MatchTests/Info.plist";
				IPHONEOS_DEPLOYMENT_TARGET = 14.2;
				LD_RUNPATH_SEARCH_PATHS = (
					"$(inherited)",
					"@executable_path/Frameworks",
					"@loader_path/Frameworks",
				);
				PRODUCT_BUNDLE_IDENTIFIER = "afeka.Cards-MatchTests";
				PRODUCT_NAME = "$(TARGET_NAME)";
				SWIFT_VERSION = 5.0;
				TARGETED_DEVICE_FAMILY = "1,2";
				TEST_HOST = "$(BUILT_PRODUCTS_DIR)/Cards Match.app/Cards Match";
			};
			name = Debug;
		};
		E3DE1C64265935B400617B39 /* Release */ = {
			isa = XCBuildConfiguration;
			buildSettings = {
				ALWAYS_EMBED_SWIFT_STANDARD_LIBRARIES = YES;
				BUNDLE_LOADER = "$(TEST_HOST)";
				CODE_SIGN_STYLE = Automatic;
				INFOPLIST_FILE = "Cards MatchTests/Info.plist";
				IPHONEOS_DEPLOYMENT_TARGET = 14.2;
				LD_RUNPATH_SEARCH_PATHS = (
					"$(inherited)",
					"@executable_path/Frameworks",
					"@loader_path/Frameworks",
				);
				PRODUCT_BUNDLE_IDENTIFIER = "afeka.Cards-MatchTests";
				PRODUCT_NAME = "$(TARGET_NAME)";
				SWIFT_VERSION = 5.0;
				TARGETED_DEVICE_FAMILY = "1,2";
				TEST_HOST = "$(BUILT_PRODUCTS_DIR)/Cards Match.app/Cards Match";
			};
			name = Release;
		};
		E3DE1C66265935B400617B39 /* Debug */ = {
			isa = XCBuildConfiguration;
			buildSettings = {
				ALWAYS_EMBED_SWIFT_STANDARD_LIBRARIES = YES;
				CODE_SIGN_STYLE = Automatic;
				INFOPLIST_FILE = "Cards MatchUITests/Info.plist";
				LD_RUNPATH_SEARCH_PATHS = (
					"$(inherited)",
					"@executable_path/Frameworks",
					"@loader_path/Frameworks",
				);
				PRODUCT_BUNDLE_IDENTIFIER = "afeka.Cards-MatchUITests";
				PRODUCT_NAME = "$(TARGET_NAME)";
				SWIFT_VERSION = 5.0;
				TARGETED_DEVICE_FAMILY = "1,2";
				TEST_TARGET_NAME = "Cards Match";
			};
			name = Debug;
		};
		E3DE1C67265935B400617B39 /* Release */ = {
			isa = XCBuildConfiguration;
			buildSettings = {
				ALWAYS_EMBED_SWIFT_STANDARD_LIBRARIES = YES;
				CODE_SIGN_STYLE = Automatic;
				INFOPLIST_FILE = "Cards MatchUITests/Info.plist";
				LD_RUNPATH_SEARCH_PATHS = (
					"$(inherited)",
					"@executable_path/Frameworks",
					"@loader_path/Frameworks",
				);
				PRODUCT_BUNDLE_IDENTIFIER = "afeka.Cards-MatchUITests";
				PRODUCT_NAME = "$(TARGET_NAME)";
				SWIFT_VERSION = 5.0;
				TARGETED_DEVICE_FAMILY = "1,2";
				TEST_TARGET_NAME = "Cards Match";
			};
			name = Release;
		};
/* End XCBuildConfiguration section */

/* Begin XCConfigurationList section */
		E3DE1C30265935B300617B39 /* Build configuration list for PBXProject "Cards Match" */ = {
			isa = XCConfigurationList;
			buildConfigurations = (
				E3DE1C5D265935B400617B39 /* Debug */,
				E3DE1C5E265935B400617B39 /* Release */,
			);
			defaultConfigurationIsVisible = 0;
			defaultConfigurationName = Release;
		};
		E3DE1C5F265935B400617B39 /* Build configuration list for PBXNativeTarget "Cards Match" */ = {
			isa = XCConfigurationList;
			buildConfigurations = (
				E3DE1C60265935B400617B39 /* Debug */,
				E3DE1C61265935B400617B39 /* Release */,
			);
			defaultConfigurationIsVisible = 0;
			defaultConfigurationName = Release;
		};
		E3DE1C62265935B400617B39 /* Build configuration list for PBXNativeTarget "Cards MatchTests" */ = {
			isa = XCConfigurationList;
			buildConfigurations = (
				E3DE1C63265935B400617B39 /* Debug */,
				E3DE1C64265935B400617B39 /* Release */,
			);
			defaultConfigurationIsVisible = 0;
			defaultConfigurationName = Release;
		};
		E3DE1C65265935B400617B39 /* Build configuration list for PBXNativeTarget "Cards MatchUITests" */ = {
			isa = XCConfigurationList;
			buildConfigurations = (
				E3DE1C66265935B400617B39 /* Debug */,
				E3DE1C67265935B400617B39 /* Release */,
			);
			defaultConfigurationIsVisible = 0;
			defaultConfigurationName = Release;
		};
/* End XCConfigurationList section */
	};
	rootObject = E3DE1C2D265935B300617B39 /* Project object */;
}
